
Microsoft Visual Studio Solution File, Format Version 12.00
# Visual Studio Version 16
VisualStudioVersion = 16.0.29806.167
MinimumVisualStudioVersion = 10.0.40219.1
Project("{FAE04EC0-301F-11D3-BF4B-00C04F79EFBC}") = "TDDStore2", "TDDStore2\TDDStore2.csproj", "{9DA070A6-3DC1-4284-89BB-8158F4830FCD}"
EndProject
Project("{FAE04EC0-301F-11D3-BF4B-00C04F79EFBC}") = "TDDStore2.Tests", "TDDStore2.Tests\TDDStore2.Tests.csproj", "{57C89DFE-7B38-48C5-BA87-25242B000937}"
EndProject
Project("{FAE04EC0-301F-11D3-BF4B-00C04F79EFBC}") = "TDDStore2.DataAccess", "TDDStore2.DataAccess\TDDStore2.DataAccess.csproj", "{A138650C-B76D-4672-B2EC-79E0C0BF945F}"
EndProject
Project("{FAE04EC0-301F-11D3-BF4B-00C04F79EFBC}") = "TDDStore2.API", "TDDStore2.API\TDDStore2.API.csproj", "{F5F4AB2A-8644-4F3A-A3A5-AABFC144BCD5}"
EndProject
Project("{2150E333-8FDC-42A3-9474-1A3956D46DE8}") = "Project", "Project", "{62EDBBDC-D85E-4379-9027-B48674B93868}"
EndProject
Global
	GlobalSection(SolutionConfigurationPlatforms) = preSolution
		Debug|Any CPU = Debug|Any CPU
		Release|Any CPU = Release|Any CPU
	EndGlobalSection
	GlobalSection(ProjectConfigurationPlatforms) = postSolution
		{9DA070A6-3DC1-4284-89BB-8158F4830FCD}.Debug|Any CPU.ActiveCfg = Debug|Any CPU
		{9DA070A6-3DC1-4284-89BB-8158F4830FCD}.Debug|Any CPU.Build.0 = Debug|Any CPU
		{9DA070A6-3DC1-4284-89BB-8158F4830FCD}.Release|Any CPU.ActiveCfg = Release|Any CPU
		{9DA070A6-3DC1-4284-89BB-8158F4830FCD}.Release|Any CPU.Build.0 = Release|Any CPU
		{57C89DFE-7B38-48C5-BA87-25242B000937}.Debug|Any CPU.ActiveCfg = Debug|Any CPU
		{57C89DFE-7B38-48C5-BA87-25242B000937}.Debug|Any CPU.Build.0 = Debug|Any CPU
		{57C89DFE-7B38-48C5-BA87-25242B000937}.Release|Any CPU.ActiveCfg = Release|Any CPU
		{57C89DFE-7B38-48C5-BA87-25242B000937}.Release|Any CPU.Build.0 = Release|Any CPU
		{A138650C-B76D-4672-B2EC-79E0C0BF945F}.Debug|Any CPU.ActiveCfg = Debug|Any CPU
		{A138650C-B76D-4672-B2EC-79E0C0BF945F}.Debug|Any CPU.Build.0 = Debug|Any CPU
		{A138650C-B76D-4672-B2EC-79E0C0BF945F}.Release|Any CPU.ActiveCfg = Release|Any CPU
		{A138650C-B76D-4672-B2EC-79E0C0BF945F}.Release|Any CPU.Build.0 = Release|Any CPU
		{F5F4AB2A-8644-4F3A-A3A5-AABFC144BCD5}.Debug|Any CPU.ActiveCfg = Debug|Any CPU
		{F5F4AB2A-8644-4F3A-A3A5-AABFC144BCD5}.Debug|Any CPU.Build.0 = Debug|Any CPU
		{F5F4AB2A-8644-4F3A-A3A5-AABFC144BCD5}.Release|Any CPU.ActiveCfg = Release|Any CPU
		{F5F4AB2A-8644-4F3A-A3A5-AABFC144BCD5}.Release|Any CPU.Build.0 = Release|Any CPU
	EndGlobalSection
	GlobalSection(SolutionProperties) = preSolution
		HideSolutionNode = FALSE
	EndGlobalSection
	GlobalSection(NestedProjects) = preSolution
		{9DA070A6-3DC1-4284-89BB-8158F4830FCD} = {62EDBBDC-D85E-4379-9027-B48674B93868}
		{57C89DFE-7B38-48C5-BA87-25242B000937} = {62EDBBDC-D85E-4379-9027-B48674B93868}
		{A138650C-B76D-4672-B2EC-79E0C0BF945F} = {62EDBBDC-D85E-4379-9027-B48674B93868}
		{F5F4AB2A-8644-4F3A-A3A5-AABFC144BCD5} = {62EDBBDC-D85E-4379-9027-B48674B93868}
	EndGlobalSection
	GlobalSection(ExtensibilityGlobals) = postSolution
		SolutionGuid = {77AB6228-0C16-4E71-B7D5-C0FEF35BEDB8}
	EndGlobalSection
EndGlobal
